
Microsoft Visual Studio Solution File, Format Version 12.00
# Visual Studio Version 17
VisualStudioVersion = 17.9.34728.123
MinimumVisualStudioVersion = 10.0.40219.1
Project("{9A19103F-16F7-4668-BE54-9A1E7A4F7556}") = "Game", "Game\Game.csproj", "{D5145970-72BB-41ED-961C-34320C35EEBA}"
EndProject
Project("{FAE04EC0-301F-11D3-BF4B-00C04F79EFBC}") = "Tests", "Tests\Tests.csproj", "{3A066DEE-5A78-4D59-999F-BC1F3A2D63D7}"
EndProject
Global
	GlobalSection(SolutionConfigurationPlatforms) = preSolution
		Debug|Any CPU = Debug|Any CPU
		Release|Any CPU = Release|Any CPU
	EndGlobalSection
	GlobalSection(ProjectConfigurationPlatforms) = postSolution
		{D5145970-72BB-41ED-961C-34320C35EEBA}.Debug|Any CPU.ActiveCfg = Debug|Any CPU
		{D5145970-72BB-41ED-961C-34320C35EEBA}.Debug|Any CPU.Build.0 = Debug|Any CPU
		{D5145970-72BB-41ED-961C-34320C35EEBA}.Release|Any CPU.ActiveCfg = Release|Any CPU
		{D5145970-72BB-41ED-961C-34320C35EEBA}.Release|Any CPU.Build.0 = Release|Any CPU
		{3A066DEE-5A78-4D59-999F-BC1F3A2D63D7}.Debug|Any CPU.ActiveCfg = Debug|Any CPU
		{3A066DEE-5A78-4D59-999F-BC1F3A2D63D7}.Debug|Any CPU.Build.0 = Debug|Any CPU
		{3A066DEE-5A78-4D59-999F-BC1F3A2D63D7}.Release|Any CPU.ActiveCfg = Release|Any CPU
		{3A066DEE-5A78-4D59-999F-BC1F3A2D63D7}.Release|Any CPU.Build.0 = Release|Any CPU
	EndGlobalSection
	GlobalSection(SolutionProperties) = preSolution
		HideSolutionNode = FALSE
	EndGlobalSection
	GlobalSection(ExtensibilityGlobals) = postSolution
		SolutionGuid = {655AF70D-0DEF-41E3-AB11-29A3533BF8B8}
	EndGlobalSection
EndGlobal
